Microsoft Visual Studio Solution File, Format Version 11.00
# Visual Studio 2008

Project("{BCC9844C-15F0-67EA-F9C6-5440289B8E79}") = "Box Shooter", "Assembly-CSharp-firstpass.csproj", "{EF2DBF8B-2892-23F2-DFD5-06BB9B53473D}"
EndProject
Project("{BCC9844C-15F0-67EA-F9C6-5440289B8E79}") = "Box Shooter", "Assembly-CSharp.csproj", "{C1EDD5B1-BAE1-F6DD-1BE8-53B972F03908}"
EndProject
Global
	GlobalSection(SolutionConfigurationPlatforms) = preSolution
		Debug|Any CPU = Debug|Any CPU
		Release|Any CPU = Release|Any CPU
	EndGlobalSection
	GlobalSection(ProjectConfigurationPlatforms) = postSolution
		{EF2DBF8B-2892-23F2-DFD5-06BB9B53473D}.Debug|Any CPU.ActiveCfg = Debug|Any CPU
		{EF2DBF8B-2892-23F2-DFD5-06BB9B53473D}.Debug|Any CPU.Build.0 = Debug|Any CPU
		{EF2DBF8B-2892-23F2-DFD5-06BB9B53473D}.Release|Any CPU.ActiveCfg = Release|Any CPU
		{EF2DBF8B-2892-23F2-DFD5-06BB9B53473D}.Release|Any CPU.Build.0 = Release|Any CPU
		{C1EDD5B1-BAE1-F6DD-1BE8-53B972F03908}.Debug|Any CPU.ActiveCfg = Debug|Any CPU
		{C1EDD5B1-BAE1-F6DD-1BE8-53B972F03908}.Debug|Any CPU.Build.0 = Debug|Any CPU
		{C1EDD5B1-BAE1-F6DD-1BE8-53B972F03908}.Release|Any CPU.ActiveCfg = Release|Any CPU
		{C1EDD5B1-BAE1-F6DD-1BE8-53B972F03908}.Release|Any CPU.Build.0 = Release|Any CPU
	EndGlobalSection
	GlobalSection(SolutionProperties) = preSolution
		HideSolutionNode = FALSE
	EndGlobalSection
	GlobalSection(MonoDevelopProperties) = preSolution
		StartupItem = Assembly-CSharp.csproj
	EndGlobalSection
EndGlobal
