Microsoft Visual Studio Solution File, Format Version 11.00
# Visual Studio 2008

Project("{8E122C4A-9827-CCBC-DD26-5A74CE92D309}") = "RollerMadness", "Assembly-CSharp-firstpass.csproj", "{82515D02-35EE-BCF8-5446-9E03B3048D53}"
EndProject
Project("{8E122C4A-9827-CCBC-DD26-5A74CE92D309}") = "RollerMadness", "Assembly-CSharp.csproj", "{5FFAE90D-6733-310C-1834-ACCC6BBD4307}"
EndProject
Project("{8E122C4A-9827-CCBC-DD26-5A74CE92D309}") = "RollerMadness", "Assembly-CSharp-Editor.csproj", "{7A3D189F-0351-96B3-8C43-146E205F84AC}"
EndProject
Global
	GlobalSection(SolutionConfigurationPlatforms) = preSolution
		Debug|Any CPU = Debug|Any CPU
		Release|Any CPU = Release|Any CPU
	EndGlobalSection
	GlobalSection(ProjectConfigurationPlatforms) = postSolution
		{82515D02-35EE-BCF8-5446-9E03B3048D53}.Debug|Any CPU.ActiveCfg = Debug|Any CPU
		{82515D02-35EE-BCF8-5446-9E03B3048D53}.Debug|Any CPU.Build.0 = Debug|Any CPU
		{82515D02-35EE-BCF8-5446-9E03B3048D53}.Release|Any CPU.ActiveCfg = Release|Any CPU
		{82515D02-35EE-BCF8-5446-9E03B3048D53}.Release|Any CPU.Build.0 = Release|Any CPU
		{5FFAE90D-6733-310C-1834-ACCC6BBD4307}.Debug|Any CPU.ActiveCfg = Debug|Any CPU
		{5FFAE90D-6733-310C-1834-ACCC6BBD4307}.Debug|Any CPU.Build.0 = Debug|Any CPU
		{5FFAE90D-6733-310C-1834-ACCC6BBD4307}.Release|Any CPU.ActiveCfg = Release|Any CPU
		{5FFAE90D-6733-310C-1834-ACCC6BBD4307}.Release|Any CPU.Build.0 = Release|Any CPU
		{7A3D189F-0351-96B3-8C43-146E205F84AC}.Debug|Any CPU.ActiveCfg = Debug|Any CPU
		{7A3D189F-0351-96B3-8C43-146E205F84AC}.Debug|Any CPU.Build.0 = Debug|Any CPU
		{7A3D189F-0351-96B3-8C43-146E205F84AC}.Release|Any CPU.ActiveCfg = Release|Any CPU
		{7A3D189F-0351-96B3-8C43-146E205F84AC}.Release|Any CPU.Build.0 = Release|Any CPU
	EndGlobalSection
	GlobalSection(SolutionProperties) = preSolution
		HideSolutionNode = FALSE
	EndGlobalSection
	GlobalSection(MonoDevelopProperties) = preSolution
		StartupItem = Assembly-CSharp.csproj
	EndGlobalSection
EndGlobal
